
Microsoft Visual Studio Solution File, Format Version 12.00
# Visual Studio 15
VisualStudioVersion = 15.0.28307.1169
MinimumVisualStudioVersion = 10.0.40219.1
Project("{FAE04EC0-301F-11D3-BF4B-00C04F79EFBC}") = "eZwolnienia", "eZwolnienia\eZwolnienia.csproj", "{1754650D-F765-4149-B872-967B703C58B5}"
EndProject
Global
	GlobalSection(SolutionConfigurationPlatforms) = preSolution
		Debug|Any CPU = Debug|Any CPU
		Release|Any CPU = Release|Any CPU
	EndGlobalSection
	GlobalSection(ProjectConfigurationPlatforms) = postSolution
		{1754650D-F765-4149-B872-967B703C58B5}.Debug|Any CPU.ActiveCfg = Debug|Any CPU
		{1754650D-F765-4149-B872-967B703C58B5}.Debug|Any CPU.Build.0 = Debug|Any CPU
		{1754650D-F765-4149-B872-967B703C58B5}.Release|Any CPU.ActiveCfg = Release|Any CPU
		{1754650D-F765-4149-B872-967B703C58B5}.Release|Any CPU.Build.0 = Release|Any CPU
	EndGlobalSection
	GlobalSection(SolutionProperties) = preSolution
		HideSolutionNode = FALSE
	EndGlobalSection
	GlobalSection(ExtensibilityGlobals) = postSolution
		SolutionGuid = {A0FF90FA-2E61-4074-9DFD-53D7BEB7C7A3}
	EndGlobalSection
EndGlobal
